
Microsoft Visual Studio Solution File, Format Version 12.00
# Visual Studio Version 17
VisualStudioVersion = 17.9.34607.119
MinimumVisualStudioVersion = 10.0.40219.1
Project("{FAE04EC0-301F-11D3-BF4B-00C04F79EFBC}") = "Assignment1", "Assignment1.csproj", "{94E5E69E-FF06-4511-9FA0-D041CA8F5747}"
EndProject
Global
	GlobalSection(SolutionConfigurationPlatforms) = preSolution
		Debug|Any CPU = Debug|Any CPU
		Release|Any CPU = Release|Any CPU
	EndGlobalSection
	GlobalSection(ProjectConfigurationPlatforms) = postSolution
		{94E5E69E-FF06-4511-9FA0-D041CA8F5747}.Debug|Any CPU.ActiveCfg = Debug|Any CPU
		{94E5E69E-FF06-4511-9FA0-D041CA8F5747}.Debug|Any CPU.Build.0 = Debug|Any CPU
		{94E5E69E-FF06-4511-9FA0-D041CA8F5747}.Release|Any CPU.ActiveCfg = Release|Any CPU
		{94E5E69E-FF06-4511-9FA0-D041CA8F5747}.Release|Any CPU.Build.0 = Release|Any CPU
	EndGlobalSection
	GlobalSection(SolutionProperties) = preSolution
		HideSolutionNode = FALSE
	EndGlobalSection
	GlobalSection(ExtensibilityGlobals) = postSolution
		SolutionGuid = {29ACD19A-9088-4810-992B-82B182E0AC8C}
	EndGlobalSection
EndGlobal
